// !$*UTF8*$!
{
	archiveVersion = 1;
	classes = {
	};
	objectVersion = 56;
	objects = {

/* Begin PBXBuildFile section */
		12D7AFD32A0C2FF000DDD90B /* SwiftUINavigationApp.swift in Sources */ = {isa = PBXBuildFile; fileRef = 12D7AFD22A0C2FF000DDD90B /* SwiftUINavigationApp.swift */; };
		12D7AFD52A0C2FF000DDD90B /* MainView.swift in Sources */ = {isa = PBXBuildFile; fileRef = 12D7AFD42A0C2FF000DDD90B /* MainView.swift */; };
		12D7AFD72A0C2FF200DDD90B /* Assets.xcassets in Resources */ = {isa = PBXBuildFile; fileRef = 12D7AFD62A0C2FF200DDD90B /* Assets.xcassets */; };
		12D7AFDA2A0C2FF200DDD90B /* Preview Assets.xcassets in Resources */ = {isa = PBXBuildFile; fileRef = 12D7AFD92A0C2FF200DDD90B /* Preview Assets.xcassets */; };
		12D7AFE32A0C3DE300DDD90B /* SecondView.swift in Sources */ = {isa = PBXBuildFile; fileRef = 12D7AFE22A0C3DE300DDD90B /* SecondView.swift */; };
		12D7AFE52A0EAD9400DDD90B /* NavigationService.swift in Sources */ = {isa = PBXBuildFile; fileRef = 12D7AFE42A0EAD9400DDD90B /* NavigationService.swift */; };
		12D7AFE82A0ED6DE00DDD90B /* MainViewModel.swift in Sources */ = {isa = PBXBuildFile; fileRef = 12D7AFE72A0ED6DE00DDD90B /* MainViewModel.swift */; };
		12D7AFEB2A0EE9CF00DDD90B /* SecondViewModel.swift in Sources */ = {isa = PBXBuildFile; fileRef = 12D7AFEA2A0EE9CF00DDD90B /* SecondViewModel.swift */; };
		12DB2F4C2A3137B400E41AD4 /* DetailsView.swift in Sources */ = {isa = PBXBuildFile; fileRef = 12DB2F4B2A3137B400E41AD4 /* DetailsView.swift */; };
		12DB2F4E2A339F6400E41AD4 /* SecondViewCoordinator.swift in Sources */ = {isa = PBXBuildFile; fileRef = 12DB2F4D2A339F6400E41AD4 /* SecondViewCoordinator.swift */; };
		12DB2F502A33B34600E41AD4 /* MainViewCoordinator.swift in Sources */ = {isa = PBXBuildFile; fileRef = 12DB2F4F2A33B34600E41AD4 /* MainViewCoordinator.swift */; };
/* End PBXBuildFile section */

/* Begin PBXFileReference section */
		12D7AFCF2A0C2FF000DDD90B /* SwiftUINavigation.app */ = {isa = PBXFileReference; explicitFileType = wrapper.application; includeInIndex = 0; path = SwiftUINavigation.app; sourceTree = BUILT_PRODUCTS_DIR; };
		12D7AFD22A0C2FF000DDD90B /* SwiftUINavigationApp.swift */ = {isa = PBXFileReference; lastKnownFileType = sourcecode.swift; path = SwiftUINavigationApp.swift; sourceTree = "<group>"; };
		12D7AFD42A0C2FF000DDD90B /* MainView.swift */ = {isa = PBXFileReference; lastKnownFileType = sourcecode.swift; path = MainView.swift; sourceTree = "<group>"; };
		12D7AFD62A0C2FF200DDD90B /* Assets.xcassets */ = {isa = PBXFileReference; lastKnownFileType = folder.assetcatalog; path = Assets.xcassets; sourceTree = "<group>"; };
		12D7AFD92A0C2FF200DDD90B /* Preview Assets.xcassets */ = {isa = PBXFileReference; lastKnownFileType = folder.assetcatalog; path = "Preview Assets.xcassets"; sourceTree = "<group>"; };
		12D7AFE22A0C3DE300DDD90B /* SecondView.swift */ = {isa = PBXFileReference; lastKnownFileType = sourcecode.swift; path = SecondView.swift; sourceTree = "<group>"; };
		12D7AFE42A0EAD9400DDD90B /* NavigationService.swift */ = {isa = PBXFileReference; lastKnownFileType = sourcecode.swift; path = NavigationService.swift; sourceTree = "<group>"; };
		12D7AFE72A0ED6DE00DDD90B /* MainViewModel.swift */ = {isa = PBXFileReference; lastKnownFileType = sourcecode.swift; path = MainViewModel.swift; sourceTree = "<group>"; };
		12D7AFEA2A0EE9CF00DDD90B /* SecondViewModel.swift */ = {isa = PBXFileReference; lastKnownFileType = sourcecode.swift; path = SecondViewModel.swift; sourceTree = "<group>"; };
		12DB2F4B2A3137B400E41AD4 /* DetailsView.swift */ = {isa = PBXFileReference; lastKnownFileType = sourcecode.swift; path = DetailsView.swift; sourceTree = "<group>"; };
		12DB2F4D2A339F6400E41AD4 /* SecondViewCoordinator.swift */ = {isa = PBXFileReference; lastKnownFileType = sourcecode.swift; path = SecondViewCoordinator.swift; sourceTree = "<group>"; };
		12DB2F4F2A33B34600E41AD4 /* MainViewCoordinator.swift */ = {isa = PBXFileReference; lastKnownFileType = sourcecode.swift; path = MainViewCoordinator.swift; sourceTree = "<group>"; };
/* End PBXFileReference section */

/* Begin PBXFrameworksBuildPhase section */
		12D7AFCC2A0C2FF000DDD90B /* Frameworks */ = {
			isa = PBXFrameworksBuildPhase;
			buildActionMask = 2147483647;
			files = (
			);
			runOnlyForDeploymentPostprocessing = 0;
		};
/* End PBXFrameworksBuildPhase section */

/* Begin PBXGroup section */
		12D7AFC62A0C2FF000DDD90B = {
			isa = PBXGroup;
			children = (
				12D7AFD12A0C2FF000DDD90B /* SwiftUIEducation */,
				12D7AFD02A0C2FF000DDD90B /* Products */,
			);
			sourceTree = "<group>";
		};
		12D7AFD02A0C2FF000DDD90B /* Products */ = {
			isa = PBXGroup;
			children = (
				12D7AFCF2A0C2FF000DDD90B /* SwiftUINavigation.app */,
			);
			name = Products;
			sourceTree = "<group>";
		};
		12D7AFD12A0C2FF000DDD90B /* SwiftUIEducation */ = {
			isa = PBXGroup;
			children = (
				12D7AFD22A0C2FF000DDD90B /* SwiftUINavigationApp.swift */,
				12D7AFE62A0ED5CA00DDD90B /* MainView */,
				12D7AFE92A0EE9C200DDD90B /* SecondView */,
				12D7AFE42A0EAD9400DDD90B /* NavigationService.swift */,
				12DB2F4B2A3137B400E41AD4 /* DetailsView.swift */,
				12D7AFD62A0C2FF200DDD90B /* Assets.xcassets */,
				12D7AFD82A0C2FF200DDD90B /* Preview Content */,
			);
			path = SwiftUIEducation;
			sourceTree = "<group>";
		};
		12D7AFD82A0C2FF200DDD90B /* Preview Content */ = {
			isa = PBXGroup;
			children = (
				12D7AFD92A0C2FF200DDD90B /* Preview Assets.xcassets */,
			);
			path = "Preview Content";
			sourceTree = "<group>";
		};
		12D7AFE62A0ED5CA00DDD90B /* MainView */ = {
			isa = PBXGroup;
			children = (
				12D7AFD42A0C2FF000DDD90B /* MainView.swift */,
				12D7AFE72A0ED6DE00DDD90B /* MainViewModel.swift */,
				12DB2F4F2A33B34600E41AD4 /* MainViewCoordinator.swift */,
			);
			path = MainView;
			sourceTree = "<group>";
		};
		12D7AFE92A0EE9C200DDD90B /* SecondView */ = {
			isa = PBXGroup;
			children = (
				12D7AFE22A0C3DE300DDD90B /* SecondView.swift */,
				12D7AFEA2A0EE9CF00DDD90B /* SecondViewModel.swift */,
				12DB2F4D2A339F6400E41AD4 /* SecondViewCoordinator.swift */,
			);
			path = SecondView;
			sourceTree = "<group>";
		};
/* End PBXGroup section */

/* Begin PBXNativeTarget section */
		12D7AFCE2A0C2FF000DDD90B /* SwiftUINavigation */ = {
			isa = PBXNativeTarget;
			buildConfigurationList = 12D7AFDD2A0C2FF200DDD90B /* Build configuration list for PBXNativeTarget "SwiftUINavigation" */;
			buildPhases = (
				12D7AFCB2A0C2FF000DDD90B /* Sources */,
				12D7AFCC2A0C2FF000DDD90B /* Frameworks */,
				12D7AFCD2A0C2FF000DDD90B /* Resources */,
			);
			buildRules = (
			);
			dependencies = (
			);
			name = SwiftUINavigation;
			productName = SwiftUIEducation;
			productReference = 12D7AFCF2A0C2FF000DDD90B /* SwiftUINavigation.app */;
			productType = "com.apple.product-type.application";
		};
/* End PBXNativeTarget section */

/* Begin PBXProject section */
		12D7AFC72A0C2FF000DDD90B /* Project object */ = {
			isa = PBXProject;
			attributes = {
				BuildIndependentTargetsInParallel = 1;
				LastSwiftUpdateCheck = 1430;
				LastUpgradeCheck = 1430;
				TargetAttributes = {
					12D7AFCE2A0C2FF000DDD90B = {
						CreatedOnToolsVersion = 14.3;
					};
				};
			};
			buildConfigurationList = 12D7AFCA2A0C2FF000DDD90B /* Build configuration list for PBXProject "SwiftUINavigation" */;
			compatibilityVersion = "Xcode 14.0";
			developmentRegion = en;
			hasScannedForEncodings = 0;
			knownRegions = (
				en,
				Base,
			);
			mainGroup = 12D7AFC62A0C2FF000DDD90B;
			productRefGroup = 12D7AFD02A0C2FF000DDD90B /* Products */;
			projectDirPath = "";
			projectRoot = "";
			targets = (
				12D7AFCE2A0C2FF000DDD90B /* SwiftUINavigation */,
			);
		};
/* End PBXProject section */

/* Begin PBXResourcesBuildPhase section */
		12D7AFCD2A0C2FF000DDD90B /* Resources */ = {
			isa = PBXResourcesBuildPhase;
			buildActionMask = 2147483647;
			files = (
				12D7AFDA2A0C2FF200DDD90B /* Preview Assets.xcassets in Resources */,
				12D7AFD72A0C2FF200DDD90B /* Assets.xcassets in Resources */,
			);
			runOnlyForDeploymentPostprocessing = 0;
		};
/* End PBXResourcesBuildPhase section */

/* Begin PBXSourcesBuildPhase section */
		12D7AFCB2A0C2FF000DDD90B /* Sources */ = {
			isa = PBXSourcesBuildPhase;
			buildActionMask = 2147483647;
			files = (
				12D7AFE52A0EAD9400DDD90B /* NavigationService.swift in Sources */,
				12DB2F4E2A339F6400E41AD4 /* SecondViewCoordinator.swift in Sources */,
				12DB2F4C2A3137B400E41AD4 /* DetailsView.swift in Sources */,
				12D7AFD52A0C2FF000DDD90B /* MainView.swift in Sources */,
				12DB2F502A33B34600E41AD4 /* MainViewCoordinator.swift in Sources */,
				12D7AFE32A0C3DE300DDD90B /* SecondView.swift in Sources */,
				12D7AFD32A0C2FF000DDD90B /* SwiftUINavigationApp.swift in Sources */,
				12D7AFE82A0ED6DE00DDD90B /* MainViewModel.swift in Sources */,
				12D7AFEB2A0EE9CF00DDD90B /* SecondViewModel.swift in Sources */,
			);
			runOnlyForDeploymentPostprocessing = 0;
		};
/* End PBXSourcesBuildPhase section */

/* Begin XCBuildConfiguration section */
		12D7AFDB2A0C2FF200DDD90B /* Debug */ = {
			isa = XCBuildConfiguration;
			buildSettings = {
				ALWAYS_SEARCH_USER_PATHS = NO;
				CLANG_ANALYZER_NONNULL = YES;
				CLANG_ANALYZER_NUMBER_OBJECT_CONVERSION = YES_AGGRESSIVE;
				CLANG_CXX_LANGUAGE_STANDARD = "gnu++20";
				CLANG_ENABLE_MODULES = YES;
				CLANG_ENABLE_OBJC_ARC = YES;
				CLANG_ENABLE_OBJC_WEAK = YES;
				CLANG_WARN_BLOCK_CAPTURE_AUTORELEASING = YES;
				CLANG_WARN_BOOL_CONVERSION = YES;
				CLANG_WARN_COMMA = YES;
				CLANG_WARN_CONSTANT_CONVERSION = YES;
				CLANG_WARN_DEPRECATED_OBJC_IMPLEMENTATIONS = YES;
				CLANG_WARN_DIRECT_OBJC_ISA_USAGE = YES_ERROR;
				CLANG_WARN_DOCUMENTATION_COMMENTS = YES;
				CLANG_WARN_EMPTY_BODY = YES;
				CLANG_WARN_ENUM_CONVERSION = YES;
				CLANG_WARN_INFINITE_RECURSION = YES;
				CLANG_WARN_INT_CONVERSION = YES;
				CLANG_WARN_NON_LITERAL_NULL_CONVERSION = YES;
				CLANG_WARN_OBJC_IMPLICIT_RETAIN_SELF = YES;
				CLANG_WARN_OBJC_LITERAL_CONVERSION = YES;
				CLANG_WARN_OBJC_ROOT_CLASS = YES_ERROR;
				CLANG_WARN_QUOTED_INCLUDE_IN_FRAMEWORK_HEADER = YES;
				CLANG_WARN_RANGE_LOOP_ANALYSIS = YES;
				CLANG_WARN_STRICT_PROTOTYPES = YES;
				CLANG_WARN_SUSPICIOUS_MOVE = YES;
				CLANG_WARN_UNGUARDED_AVAILABILITY = YES_AGGRESSIVE;
				CLANG_WARN_UNREACHABLE_CODE = YES;
				CLANG_WARN__DUPLICATE_METHOD_MATCH = YES;
				COPY_PHASE_STRIP = NO;
				DEBUG_INFORMATION_FORMAT = dwarf;
				ENABLE_STRICT_OBJC_MSGSEND = YES;
				ENABLE_TESTABILITY = YES;
				GCC_C_LANGUAGE_STANDARD = gnu11;
				GCC_DYNAMIC_NO_PIC = NO;
				GCC_NO_COMMON_BLOCKS = YES;
				GCC_OPTIMIZATION_LEVEL = 0;
				GCC_PREPROCESSOR_DEFINITIONS = (
					"DEBUG=1",
					"$(inherited)",
				);
				GCC_WARN_64_TO_32_BIT_CONVERSION = YES;
				GCC_WARN_ABOUT_RETURN_TYPE = YES_ERROR;
				GCC_WARN_UNDECLARED_SELECTOR = YES;
				GCC_WARN_UNINITIALIZED_AUTOS = YES_AGGRESSIVE;
				GCC_WARN_UNUSED_FUNCTION = YES;
				GCC_WARN_UNUSED_VARIABLE = YES;
				IPHONEOS_DEPLOYMENT_TARGET = 16.4;
				MTL_ENABLE_DEBUG_INFO = INCLUDE_SOURCE;
				MTL_FAST_MATH = YES;
				ONLY_ACTIVE_ARCH = YES;
				SDKROOT = iphoneos;
				SWIFT_ACTIVE_COMPILATION_CONDITIONS = DEBUG;
				SWIFT_OPTIMIZATION_LEVEL = "-Onone";
			};
			name = Debug;
		};
		12D7AFDC2A0C2FF200DDD90B /* Release */ = {
			isa = XCBuildConfiguration;
			buildSettings = {
				ALWAYS_SEARCH_USER_PATHS = NO;
				CLANG_ANALYZER_NONNULL = YES;
				CLANG_ANALYZER_NUMBER_OBJECT_CONVERSION = YES_AGGRESSIVE;
				CLANG_CXX_LANGUAGE_STANDARD = "gnu++20";
				CLANG_ENABLE_MODULES = YES;
				CLANG_ENABLE_OBJC_ARC = YES;
				CLANG_ENABLE_OBJC_WEAK = YES;
				CLANG_WARN_BLOCK_CAPTURE_AUTORELEASING = YES;
				CLANG_WARN_BOOL_CONVERSION = YES;
				CLANG_WARN_COMMA = YES;
				CLANG_WARN_CONSTANT_CONVERSION = YES;
				CLANG_WARN_DEPRECATED_OBJC_IMPLEMENTATIONS = YES;
				CLANG_WARN_DIRECT_OBJC_ISA_USAGE = YES_ERROR;
				CLANG_WARN_DOCUMENTATION_COMMENTS = YES;
				CLANG_WARN_EMPTY_BODY = YES;
				CLANG_WARN_ENUM_CONVERSION = YES;
				CLANG_WARN_INFINITE_RECURSION = YES;
				CLANG_WARN_INT_CONVERSION = YES;
				CLANG_WARN_NON_LITERAL_NULL_CONVERSION = YES;
				CLANG_WARN_OBJC_IMPLICIT_RETAIN_SELF = YES;
				CLANG_WARN_OBJC_LITERAL_CONVERSION = YES;
				CLANG_WARN_OBJC_ROOT_CLASS = YES_ERROR;
				CLANG_WARN_QUOTED_INCLUDE_IN_FRAMEWORK_HEADER = YES;
				CLANG_WARN_RANGE_LOOP_ANALYSIS = YES;
				CLANG_WARN_STRICT_PROTOTYPES = YES;
				CLANG_WARN_SUSPICIOUS_MOVE = YES;
				CLANG_WARN_UNGUARDED_AVAILABILITY = YES_AGGRESSIVE;
				CLANG_WARN_UNREACHABLE_CODE = YES;
				CLANG_WARN__DUPLICATE_METHOD_MATCH = YES;
				COPY_PHASE_STRIP = NO;
				DEBUG_INFORMATION_FORMAT = "dwarf-with-dsym";
				ENABLE_NS_ASSERTIONS = NO;
				ENABLE_STRICT_OBJC_MSGSEND = YES;
				GCC_C_LANGUAGE_STANDARD = gnu11;
				GCC_NO_COMMON_BLOCKS = YES;
				GCC_WARN_64_TO_32_BIT_CONVERSION = YES;
				GCC_WARN_ABOUT_RETURN_TYPE = YES_ERROR;
				GCC_WARN_UNDECLARED_SELECTOR = YES;
				GCC_WARN_UNINITIALIZED_AUTOS = YES_AGGRESSIVE;
				GCC_WARN_UNUSED_FUNCTION = YES;
				GCC_WARN_UNUSED_VARIABLE = YES;
				IPHONEOS_DEPLOYMENT_TARGET = 16.4;
				MTL_ENABLE_DEBUG_INFO = NO;
				MTL_FAST_MATH = YES;
				SDKROOT = iphoneos;
				SWIFT_COMPILATION_MODE = wholemodule;
				SWIFT_OPTIMIZATION_LEVEL = "-O";
				VALIDATE_PRODUCT = YES;
			};
			name = Release;
		};
		12D7AFDE2A0C2FF200DDD90B /* Debug */ = {
			isa = XCBuildConfiguration;
			buildSettings = {
				ASSETCATALOG_COMPILER_APPICON_NAME = AppIcon;
				ASSETCATALOG_COMPILER_GLOBAL_ACCENT_COLOR_NAME = AccentColor;
				CODE_SIGN_STYLE = Automatic;
				CURRENT_PROJECT_VERSION = 1;
				DEVELOPMENT_ASSET_PATHS = "\"SwiftUIEducation/Preview Content\"";
				DEVELOPMENT_TEAM = DB7R56J78K;
				ENABLE_PREVIEWS = YES;
				GENERATE_INFOPLIST_FILE = YES;
				INFOPLIST_KEY_UIApplicationSceneManifest_Generation = YES;
				INFOPLIST_KEY_UIApplicationSupportsIndirectInputEvents = YES;
				INFOPLIST_KEY_UILaunchScreen_Generation = YES;
				INFOPLIST_KEY_UISupportedInterfaceOrientations_iPad = "UIInterfaceOrientationPortrait UIInterfaceOrientationPortraitUpsideDown UIInterfaceOrientationLandscapeLeft UIInterfaceOrientationLandscapeRight";
				INFOPLIST_KEY_UISupportedInterfaceOrientations_iPhone = "UIInterfaceOrientationPortrait UIInterfaceOrientationLandscapeLeft UIInterfaceOrientationLandscapeRight";
				LD_RUNPATH_SEARCH_PATHS = (
					"$(inherited)",
					"@executable_path/Frameworks",
				);
				MARKETING_VERSION = 1.0;
				PRODUCT_BUNDLE_IDENTIFIER = com.darkmatter.SwiftUIEducation;
				PRODUCT_NAME = "$(TARGET_NAME)";
				SWIFT_EMIT_LOC_STRINGS = YES;
				SWIFT_VERSION = 5.0;
				TARGETED_DEVICE_FAMILY = "1,2";
			};
			name = Debug;
		};
		12D7AFDF2A0C2FF200DDD90B /* Release */ = {
			isa = XCBuildConfiguration;
			buildSettings = {
				ASSETCATALOG_COMPILER_APPICON_NAME = AppIcon;
				ASSETCATALOG_COMPILER_GLOBAL_ACCENT_COLOR_NAME = AccentColor;
				CODE_SIGN_STYLE = Automatic;
				CURRENT_PROJECT_VERSION = 1;
				DEVELOPMENT_ASSET_PATHS = "\"SwiftUIEducation/Preview Content\"";
				DEVELOPMENT_TEAM = DB7R56J78K;
				ENABLE_PREVIEWS = YES;
				GENERATE_INFOPLIST_FILE = YES;
				INFOPLIST_KEY_UIApplicationSceneManifest_Generation = YES;
				INFOPLIST_KEY_UIApplicationSupportsIndirectInputEvents = YES;
				INFOPLIST_KEY_UILaunchScreen_Generation = YES;
				INFOPLIST_KEY_UISupportedInterfaceOrientations_iPad = "UIInterfaceOrientationPortrait UIInterfaceOrientationPortraitUpsideDown UIInterfaceOrientationLandscapeLeft UIInterfaceOrientationLandscapeRight";
				INFOPLIST_KEY_UISupportedInterfaceOrientations_iPhone = "UIInterfaceOrientationPortrait UIInterfaceOrientationLandscapeLeft UIInterfaceOrientationLandscapeRight";
				LD_RUNPATH_SEARCH_PATHS = (
					"$(inherited)",
					"@executable_path/Frameworks",
				);
				MARKETING_VERSION = 1.0;
				PRODUCT_BUNDLE_IDENTIFIER = com.darkmatter.SwiftUIEducation;
				PRODUCT_NAME = "$(TARGET_NAME)";
				SWIFT_EMIT_LOC_STRINGS = YES;
				SWIFT_VERSION = 5.0;
				TARGETED_DEVICE_FAMILY = "1,2";
			};
			name = Release;
		};
/* End XCBuildConfiguration section */

/* Begin XCConfigurationList section */
		12D7AFCA2A0C2FF000DDD90B /* Build configuration list for PBXProject "SwiftUINavigation" */ = {
			isa = XCConfigurationList;
			buildConfigurations = (
				12D7AFDB2A0C2FF200DDD90B /* Debug */,
				12D7AFDC2A0C2FF200DDD90B /* Release */,
			);
			defaultConfigurationIsVisible = 0;
			defaultConfigurationName = Release;
		};
		12D7AFDD2A0C2FF200DDD90B /* Build configuration list for PBXNativeTarget "SwiftUINavigation" */ = {
			isa = XCConfigurationList;
			buildConfigurations = (
				12D7AFDE2A0C2FF200DDD90B /* Debug */,
				12D7AFDF2A0C2FF200DDD90B /* Release */,
			);
			defaultConfigurationIsVisible = 0;
			defaultConfigurationName = Release;
		};
/* End XCConfigurationList section */
	};
	rootObject = 12D7AFC72A0C2FF000DDD90B /* Project object */;
}
